// !$*UTF8*$!
{
	archiveVersion = 1;
	classes = {
	};
	objectVersion = 46;
	objects = {

/* Begin PBXBuildFile section */
		10D77917CBC0DD458A5C8AEA /* libPods-MeetBar_ProjectTests.a in Frameworks */ = {isa = PBXBuildFile; fileRef = BFE4A0A1BB8F5A5AECC52A47 /* libPods-MeetBar_ProjectTests.a */; };
		6FAE4A5A1EFA230600B4706C /* main.m in Sources */ = {isa = PBXBuildFile; fileRef = 6FAE4A591EFA230600B4706C /* main.m */; };
		6FAE4A631EFA230600B4706C /* Main.storyboard in Resources */ = {isa = PBXBuildFile; fileRef = 6FAE4A611EFA230600B4706C /* Main.storyboard */; };
		6FAE4A651EFA230600B4706C /* Assets.xcassets in Resources */ = {isa = PBXBuildFile; fileRef = 6FAE4A641EFA230600B4706C /* Assets.xcassets */; };
		6FAE4A681EFA230600B4706C /* LaunchScreen.storyboard in Resources */ = {isa = PBXBuildFile; fileRef = 6FAE4A661EFA230600B4706C /* LaunchScreen.storyboard */; };
		6FAE4A731EFA230600B4706C /* MeetBar_ProjectTests.m in Sources */ = {isa = PBXBuildFile; fileRef = 6FAE4A721EFA230600B4706C /* MeetBar_ProjectTests.m */; };
		6FAE4A7E1EFA230600B4706C /* MeetBar_ProjectUITests.m in Sources */ = {isa = PBXBuildFile; fileRef = 6FAE4A7D1EFA230600B4706C /* MeetBar_ProjectUITests.m */; };
		6FF640471EFBA1A700956555 /* AppDelegate.m in Sources */ = {isa = PBXBuildFile; fileRef = 6FF6401A1EFBA1A700956555 /* AppDelegate.m */; };
		6FF640481EFBA1A700956555 /* ViewController.m in Sources */ = {isa = PBXBuildFile; fileRef = 6FF6403C1EFBA1A700956555 /* ViewController.m */; };
		E2E28F18C96722A1AC0DEE2E /* libPods-MeetBar_ProjectUITests.a in Frameworks */ = {isa = PBXBuildFile; fileRef = BF9120CAEEA6483C05D5D68E /* libPods-MeetBar_ProjectUITests.a */; };
		F16FA63B6DE52C6D9A8882C7 /* libPods-MeetBar_Project.a in Frameworks */ = {isa = PBXBuildFile; fileRef = B04BD1570C54A8A18982D250 /* libPods-MeetBar_Project.a */; };
/* End PBXBuildFile section */

/* Begin PBXContainerItemProxy section */
		6FAE4A6F1EFA230600B4706C /* PBXContainerItemProxy */ = {
			isa = PBXContainerItemProxy;
			containerPortal = 6FAE4A4D1EFA230600B4706C /* Project object */;
			proxyType = 1;
			remoteGlobalIDString = 6FAE4A541EFA230600B4706C;
			remoteInfo = MeetBar_Project;
		};
		6FAE4A7A1EFA230600B4706C /* PBXContainerItemProxy */ = {
			isa = PBXContainerItemProxy;
			containerPortal = 6FAE4A4D1EFA230600B4706C /* Project object */;
			proxyType = 1;
			remoteGlobalIDString = 6FAE4A541EFA230600B4706C;
			remoteInfo = MeetBar_Project;
		};
/* End PBXContainerItemProxy section */

/* Begin PBXFileReference section */
		2C121A540BE2ABA3676E4A18 /* Pods-MeetBar_ProjectUITests.release.xcconfig */ = {isa = PBXFileReference; includeInIndex = 1; lastKnownFileType = text.xcconfig; name = "Pods-MeetBar_ProjectUITests.release.xcconfig"; path = "Pods/Target Support Files/Pods-MeetBar_ProjectUITests/Pods-MeetBar_ProjectUITests.release.xcconfig"; sourceTree = "<group>"; };
		365CB82FF5FF1011B756A538 /* Pods-MeetBar_Project.debug.xcconfig */ = {isa = PBXFileReference; includeInIndex = 1; lastKnownFileType = text.xcconfig; name = "Pods-MeetBar_Project.debug.xcconfig"; path = "Pods/Target Support Files/Pods-MeetBar_Project/Pods-MeetBar_Project.debug.xcconfig"; sourceTree = "<group>"; };
		438D0608316B55AA6603CEA6 /* Pods-MeetBar_Project.release.xcconfig */ = {isa = PBXFileReference; includeInIndex = 1; lastKnownFileType = text.xcconfig; name = "Pods-MeetBar_Project.release.xcconfig"; path = "Pods/Target Support Files/Pods-MeetBar_Project/Pods-MeetBar_Project.release.xcconfig"; sourceTree = "<group>"; };
		6FAE4A551EFA230600B4706C /* MeetBar_Project.app */ = {isa = PBXFileReference; explicitFileType = wrapper.application; includeInIndex = 0; path = MeetBar_Project.app; sourceTree = BUILT_PRODUCTS_DIR; };
		6FAE4A591EFA230600B4706C /* main.m */ = {isa = PBXFileReference; lastKnownFileType = sourcecode.c.objc; path = main.m; sourceTree = "<group>"; };
		6FAE4A621EFA230600B4706C /* Base */ = {isa = PBXFileReference; lastKnownFileType = file.storyboard; name = Base; path = Base.lproj/Main.storyboard; sourceTree = "<group>"; };
		6FAE4A641EFA230600B4706C /* Assets.xcassets */ = {isa = PBXFileReference; lastKnownFileType = folder.assetcatalog; path = Assets.xcassets; sourceTree = "<group>"; };
		6FAE4A671EFA230600B4706C /* Base */ = {isa = PBXFileReference; lastKnownFileType = file.storyboard; name = Base; path = Base.lproj/LaunchScreen.storyboard; sourceTree = "<group>"; };
		6FAE4A691EFA230600B4706C /* Info.plist */ = {isa = PBXFileReference; lastKnownFileType = text.plist.xml; path = Info.plist; sourceTree = "<group>"; };
		6FAE4A6E1EFA230600B4706C /* MeetBar_ProjectTests.xctest */ = {isa = PBXFileReference; explicitFileType = wrapper.cfbundle; includeInIndex = 0; path = MeetBar_ProjectTests.xctest; sourceTree = BUILT_PRODUCTS_DIR; };
		6FAE4A721EFA230600B4706C /* MeetBar_ProjectTests.m */ = {isa = PBXFileReference; lastKnownFileType = sourcecode.c.objc; path = MeetBar_ProjectTests.m; sourceTree = "<group>"; };
		6FAE4A741EFA230600B4706C /* Info.plist */ = {isa = PBXFileReference; lastKnownFileType = text.plist.xml; path = Info.plist; sourceTree = "<group>"; };
		6FAE4A791EFA230600B4706C /* MeetBar_ProjectUITests.xctest */ = {isa = PBXFileReference; explicitFileType = wrapper.cfbundle; includeInIndex = 0; path = MeetBar_ProjectUITests.xctest; sourceTree = BUILT_PRODUCTS_DIR; };
		6FAE4A7D1EFA230600B4706C /* MeetBar_ProjectUITests.m */ = {isa = PBXFileReference; lastKnownFileType = sourcecode.c.objc; path = MeetBar_ProjectUITests.m; sourceTree = "<group>"; };
		6FAE4A7F1EFA230600B4706C /* Info.plist */ = {isa = PBXFileReference; lastKnownFileType = text.plist.xml; path = Info.plist; sourceTree = "<group>"; };
		6FF640191EFBA1A700956555 /* AppDelegate.h */ = {isa = PBXFileReference; fileEncoding = 4; lastKnownFileType = sourcecode.c.h; path = AppDelegate.h; sourceTree = "<group>"; };
		6FF6401A1EFBA1A700956555 /* AppDelegate.m */ = {isa = PBXFileReference; fileEncoding = 4; lastKnownFileType = sourcecode.c.objc; path = AppDelegate.m; sourceTree = "<group>"; };
		6FF6403B1EFBA1A700956555 /* ViewController.h */ = {isa = PBXFileReference; fileEncoding = 4; lastKnownFileType = sourcecode.c.h; path = ViewController.h; sourceTree = "<group>"; };
		6FF6403C1EFBA1A700956555 /* ViewController.m */ = {isa = PBXFileReference; fileEncoding = 4; lastKnownFileType = sourcecode.c.objc; path = ViewController.m; sourceTree = "<group>"; };
		9D7AB75DB7793CB38E8AB012 /* Pods-MeetBar_ProjectUITests.debug.xcconfig */ = {isa = PBXFileReference; includeInIndex = 1; lastKnownFileType = text.xcconfig; name = "Pods-MeetBar_ProjectUITests.debug.xcconfig"; path = "Pods/Target Support Files/Pods-MeetBar_ProjectUITests/Pods-MeetBar_ProjectUITests.debug.xcconfig"; sourceTree = "<group>"; };
		B04BD1570C54A8A18982D250 /* libPods-MeetBar_Project.a */ = {isa = PBXFileReference; explicitFileType = archive.ar; includeInIndex = 0; path = "libPods-MeetBar_Project.a"; sourceTree = BUILT_PRODUCTS_DIR; };
		BF9120CAEEA6483C05D5D68E /* libPods-MeetBar_ProjectUITests.a */ = {isa = PBXFileReference; explicitFileType = archive.ar; includeInIndex = 0; path = "libPods-MeetBar_ProjectUITests.a"; sourceTree = BUILT_PRODUCTS_DIR; };
		BFE4A0A1BB8F5A5AECC52A47 /* libPods-MeetBar_ProjectTests.a */ = {isa = PBXFileReference; explicitFileType = archive.ar; includeInIndex = 0; path = "libPods-MeetBar_ProjectTests.a"; sourceTree = BUILT_PRODUCTS_DIR; };
		C13ECE7E8705A8BCE34F31EE /* Pods-MeetBar_ProjectTests.release.xcconfig */ = {isa = PBXFileReference; includeInIndex = 1; lastKnownFileType = text.xcconfig; name = "Pods-MeetBar_ProjectTests.release.xcconfig"; path = "Pods/Target Support Files/Pods-MeetBar_ProjectTests/Pods-MeetBar_ProjectTests.release.xcconfig"; sourceTree = "<group>"; };
		F1B3447C84A6C059E492E4EB /* Pods-MeetBar_ProjectTests.debug.xcconfig */ = {isa = PBXFileReference; includeInIndex = 1; lastKnownFileType = text.xcconfig; name = "Pods-MeetBar_ProjectTests.debug.xcconfig"; path = "Pods/Target Support Files/Pods-MeetBar_ProjectTests/Pods-MeetBar_ProjectTests.debug.xcconfig"; sourceTree = "<group>"; };
/* End PBXFileReference section */

/* Begin PBXFrameworksBuildPhase section */
		6FAE4A521EFA230600B4706C /* Frameworks */ = {
			isa = PBXFrameworksBuildPhase;
			buildActionMask = 2147483647;
			files = (
				F16FA63B6DE52C6D9A8882C7 /* libPods-MeetBar_Project.a in Frameworks */,
			);
			runOnlyForDeploymentPostprocessing = 0;
		};
		6FAE4A6B1EFA230600B4706C /* Frameworks */ = {
			isa = PBXFrameworksBuildPhase;
			buildActionMask = 2147483647;
			files = (
				10D77917CBC0DD458A5C8AEA /* libPods-MeetBar_ProjectTests.a in Frameworks */,
			);
			runOnlyForDeploymentPostprocessing = 0;
		};
		6FAE4A761EFA230600B4706C /* Frameworks */ = {
			isa = PBXFrameworksBuildPhase;
			buildActionMask = 2147483647;
			files = (
				E2E28F18C96722A1AC0DEE2E /* libPods-MeetBar_ProjectUITests.a in Frameworks */,
			);
			runOnlyForDeploymentPostprocessing = 0;
		};
/* End PBXFrameworksBuildPhase section */

/* Begin PBXGroup section */
		6FAE4A4C1EFA230600B4706C = {
			isa = PBXGroup;
			children = (
				6FAE4A571EFA230600B4706C /* MeetBar_Project */,
				6FAE4A711EFA230600B4706C /* MeetBar_ProjectTests */,
				6FAE4A7C1EFA230600B4706C /* MeetBar_ProjectUITests */,
				6FAE4A561EFA230600B4706C /* Products */,
				EB144C133E49D9D4319443AB /* Pods */,
				E475D191653C128337EDA6B2 /* Frameworks */,
			);
			sourceTree = "<group>";
		};
		6FAE4A561EFA230600B4706C /* Products */ = {
			isa = PBXGroup;
			children = (
				6FAE4A551EFA230600B4706C /* MeetBar_Project.app */,
				6FAE4A6E1EFA230600B4706C /* MeetBar_ProjectTests.xctest */,
				6FAE4A791EFA230600B4706C /* MeetBar_ProjectUITests.xctest */,
			);
			name = Products;
			sourceTree = "<group>";
		};
		6FAE4A571EFA230600B4706C /* MeetBar_Project */ = {
			isa = PBXGroup;
			children = (
				6FF640181EFBA1A700956555 /* MBAppDelegate */,
				6FF6401B1EFBA1A700956555 /* MBClass */,
				6FF640431EFBA1A700956555 /* MBExpand */,
				6FAE4A611EFA230600B4706C /* Main.storyboard */,
				6FAE4A641EFA230600B4706C /* Assets.xcassets */,
				6FAE4A661EFA230600B4706C /* LaunchScreen.storyboard */,
				6FAE4A691EFA230600B4706C /* Info.plist */,
				6FAE4A581EFA230600B4706C /* Supporting Files */,
			);
			path = MeetBar_Project;
			sourceTree = "<group>";
		};
		6FAE4A581EFA230600B4706C /* Supporting Files */ = {
			isa = PBXGroup;
			children = (
				6FAE4A591EFA230600B4706C /* main.m */,
			);
			name = "Supporting Files";
			sourceTree = "<group>";
		};
		6FAE4A711EFA230600B4706C /* MeetBar_ProjectTests */ = {
			isa = PBXGroup;
			children = (
				6FAE4A721EFA230600B4706C /* MeetBar_ProjectTests.m */,
				6FAE4A741EFA230600B4706C /* Info.plist */,
			);
			path = MeetBar_ProjectTests;
			sourceTree = "<group>";
		};
		6FAE4A7C1EFA230600B4706C /* MeetBar_ProjectUITests */ = {
			isa = PBXGroup;
			children = (
				6FAE4A7D1EFA230600B4706C /* MeetBar_ProjectUITests.m */,
				6FAE4A7F1EFA230600B4706C /* Info.plist */,
			);
			path = MeetBar_ProjectUITests;
			sourceTree = "<group>";
		};
		6FF640181EFBA1A700956555 /* MBAppDelegate */ = {
			isa = PBXGroup;
			children = (
				6FF640191EFBA1A700956555 /* AppDelegate.h */,
				6FF6401A1EFBA1A700956555 /* AppDelegate.m */,
			);
			path = MBAppDelegate;
			sourceTree = "<group>";
		};
		6FF6401B1EFBA1A700956555 /* MBClass */ = {
			isa = PBXGroup;
			children = (
				6FF6401C1EFBA1A700956555 /* MBBase */,
				6FF640221EFBA1A700956555 /* MBContact */,
				6FF640281EFBA1A700956555 /* MBLogin */,
				6FF6402E1EFBA1A700956555 /* MBMeetingBar */,
				6FF640341EFBA1A700956555 /* MBMessage */,
				6FF6403A1EFBA1A700956555 /* MBOther */,
				6FF6403D1EFBA1A700956555 /* MBProfile */,
			);
			path = MBClass;
			sourceTree = "<group>";
		};
		6FF6401C1EFBA1A700956555 /* MBBase */ = {
			isa = PBXGroup;
			children = (
				6FF6401D1EFBA1A700956555 /* Model */,
				6FF6401E1EFBA1A700956555 /* Others */,
				6FF6401F1EFBA1A700956555 /* Request */,
				6FF640201EFBA1A700956555 /* View */,
				6FF640211EFBA1A700956555 /* ViewController */,
			);
			path = MBBase;
			sourceTree = "<group>";
		};
		6FF6401D1EFBA1A700956555 /* Model */ = {
			isa = PBXGroup;
			children = (
			);
			path = Model;
			sourceTree = "<group>";
		};
		6FF6401E1EFBA1A700956555 /* Others */ = {
			isa = PBXGroup;
			children = (
			);
			path = Others;
			sourceTree = "<group>";
		};
		6FF6401F1EFBA1A700956555 /* Request */ = {
			isa = PBXGroup;
			children = (
			);
			path = Request;
			sourceTree = "<group>";
		};
		6FF640201EFBA1A700956555 /* View */ = {
			isa = PBXGroup;
			children = (
			);
			path = View;
			sourceTree = "<group>";
		};
		6FF640211EFBA1A700956555 /* ViewController */ = {
			isa = PBXGroup;
			children = (
			);
			path = ViewController;
			sourceTree = "<group>";
		};
		6FF640221EFBA1A700956555 /* MBContact */ = {
			isa = PBXGroup;
			children = (
				6FF640231EFBA1A700956555 /* Model */,
				6FF640241EFBA1A700956555 /* Others */,
				6FF640251EFBA1A700956555 /* Request */,
				6FF640261EFBA1A700956555 /* View */,
				6FF640271EFBA1A700956555 /* ViewController */,
			);
			path = MBContact;
			sourceTree = "<group>";
		};
		6FF640231EFBA1A700956555 /* Model */ = {
			isa = PBXGroup;
			children = (
			);
			path = Model;
			sourceTree = "<group>";
		};
		6FF640241EFBA1A700956555 /* Others */ = {
			isa = PBXGroup;
			children = (
			);
			path = Others;
			sourceTree = "<group>";
		};
		6FF640251EFBA1A700956555 /* Request */ = {
			isa = PBXGroup;
			children = (
			);
			path = Request;
			sourceTree = "<group>";
		};
		6FF640261EFBA1A700956555 /* View */ = {
			isa = PBXGroup;
			children = (
			);
			path = View;
			sourceTree = "<group>";
		};
		6FF640271EFBA1A700956555 /* ViewController */ = {
			isa = PBXGroup;
			children = (
			);
			path = ViewController;
			sourceTree = "<group>";
		};
		6FF640281EFBA1A700956555 /* MBLogin */ = {
			isa = PBXGroup;
			children = (
				6FF640291EFBA1A700956555 /* Model */,
				6FF6402A1EFBA1A700956555 /* Others */,
				6FF6402B1EFBA1A700956555 /* Request */,
				6FF6402C1EFBA1A700956555 /* View */,
				6FF6402D1EFBA1A700956555 /* ViewController */,
			);
			path = MBLogin;
			sourceTree = "<group>";
		};
		6FF640291EFBA1A700956555 /* Model */ = {
			isa = PBXGroup;
			children = (
			);
			path = Model;
			sourceTree = "<group>";
		};
		6FF6402A1EFBA1A700956555 /* Others */ = {
			isa = PBXGroup;
			children = (
			);
			path = Others;
			sourceTree = "<group>";
		};
		6FF6402B1EFBA1A700956555 /* Request */ = {
			isa = PBXGroup;
			children = (
			);
			path = Request;
			sourceTree = "<group>";
		};
		6FF6402C1EFBA1A700956555 /* View */ = {
			isa = PBXGroup;
			children = (
			);
			path = View;
			sourceTree = "<group>";
		};
		6FF6402D1EFBA1A700956555 /* ViewController */ = {
			isa = PBXGroup;
			children = (
			);
			path = ViewController;
			sourceTree = "<group>";
		};
		6FF6402E1EFBA1A700956555 /* MBMeetingBar */ = {
			isa = PBXGroup;
			children = (
				6FF6402F1EFBA1A700956555 /* Model */,
				6FF640301EFBA1A700956555 /* Others */,
				6FF640311EFBA1A700956555 /* Request */,
				6FF640321EFBA1A700956555 /* View */,
				6FF640331EFBA1A700956555 /* ViewController */,
			);
			path = MBMeetingBar;
			sourceTree = "<group>";
		};
		6FF6402F1EFBA1A700956555 /* Model */ = {
			isa = PBXGroup;
			children = (
			);
			path = Model;
			sourceTree = "<group>";
		};
		6FF640301EFBA1A700956555 /* Others */ = {
			isa = PBXGroup;
			children = (
			);
			path = Others;
			sourceTree = "<group>";
		};
		6FF640311EFBA1A700956555 /* Request */ = {
			isa = PBXGroup;
			children = (
			);
			path = Request;
			sourceTree = "<group>";
		};
		6FF640321EFBA1A700956555 /* View */ = {
			isa = PBXGroup;
			children = (
			);
			path = View;
			sourceTree = "<group>";
		};
		6FF640331EFBA1A700956555 /* ViewController */ = {
			isa = PBXGroup;
			children = (
			);
			path = ViewController;
			sourceTree = "<group>";
		};
		6FF640341EFBA1A700956555 /* MBMessage */ = {
			isa = PBXGroup;
			children = (
				6FF640351EFBA1A700956555 /* Model */,
				6FF640361EFBA1A700956555 /* Others */,
				6FF640371EFBA1A700956555 /* Request */,
				6FF640381EFBA1A700956555 /* View */,
				6FF640391EFBA1A700956555 /* ViewController */,
			);
			path = MBMessage;
			sourceTree = "<group>";
		};
		6FF640351EFBA1A700956555 /* Model */ = {
			isa = PBXGroup;
			children = (
			);
			path = Model;
			sourceTree = "<group>";
		};
		6FF640361EFBA1A700956555 /* Others */ = {
			isa = PBXGroup;
			children = (
			);
			path = Others;
			sourceTree = "<group>";
		};
		6FF640371EFBA1A700956555 /* Request */ = {
			isa = PBXGroup;
			children = (
			);
			path = Request;
			sourceTree = "<group>";
		};
		6FF640381EFBA1A700956555 /* View */ = {
			isa = PBXGroup;
			children = (
			);
			path = View;
			sourceTree = "<group>";
		};
		6FF640391EFBA1A700956555 /* ViewController */ = {
			isa = PBXGroup;
			children = (
			);
			path = ViewController;
			sourceTree = "<group>";
		};
		6FF6403A1EFBA1A700956555 /* MBOther */ = {
			isa = PBXGroup;
			children = (
				6FF6403B1EFBA1A700956555 /* ViewController.h */,
				6FF6403C1EFBA1A700956555 /* ViewController.m */,
			);
			path = MBOther;
			sourceTree = "<group>";
		};
		6FF6403D1EFBA1A700956555 /* MBProfile */ = {
			isa = PBXGroup;
			children = (
				6FF6403E1EFBA1A700956555 /* Model */,
				6FF6403F1EFBA1A700956555 /* Others */,
				6FF640401EFBA1A700956555 /* Request */,
				6FF640411EFBA1A700956555 /* View */,
				6FF640421EFBA1A700956555 /* ViewController */,
			);
			path = MBProfile;
			sourceTree = "<group>";
		};
		6FF6403E1EFBA1A700956555 /* Model */ = {
			isa = PBXGroup;
			children = (
			);
			path = Model;
			sourceTree = "<group>";
		};
		6FF6403F1EFBA1A700956555 /* Others */ = {
			isa = PBXGroup;
			children = (
			);
			path = Others;
			sourceTree = "<group>";
		};
		6FF640401EFBA1A700956555 /* Request */ = {
			isa = PBXGroup;
			children = (
			);
			path = Request;
			sourceTree = "<group>";
		};
		6FF640411EFBA1A700956555 /* View */ = {
			isa = PBXGroup;
			children = (
			);
			path = View;
			sourceTree = "<group>";
		};
		6FF640421EFBA1A700956555 /* ViewController */ = {
			isa = PBXGroup;
			children = (
			);
			path = ViewController;
			sourceTree = "<group>";
		};
		6FF640431EFBA1A700956555 /* MBExpand */ = {
			isa = PBXGroup;
			children = (
				6FF640441EFBA1A700956555 /* MBCategory */,
				6FF640451EFBA1A700956555 /* MBConfig */,
				6FF640461EFBA1A700956555 /* MBUtils */,
			);
			path = MBExpand;
			sourceTree = "<group>";
		};
		6FF640441EFBA1A700956555 /* MBCategory */ = {
			isa = PBXGroup;
			children = (
			);
			path = MBCategory;
			sourceTree = "<group>";
		};
		6FF640451EFBA1A700956555 /* MBConfig */ = {
			isa = PBXGroup;
			children = (
			);
			path = MBConfig;
			sourceTree = "<group>";
		};
		6FF640461EFBA1A700956555 /* MBUtils */ = {
			isa = PBXGroup;
			children = (
			);
			path = MBUtils;
			sourceTree = "<group>";
		};
		E475D191653C128337EDA6B2 /* Frameworks */ = {
			isa = PBXGroup;
			children = (
				B04BD1570C54A8A18982D250 /* libPods-MeetBar_Project.a */,
				BFE4A0A1BB8F5A5AECC52A47 /* libPods-MeetBar_ProjectTests.a */,
				BF9120CAEEA6483C05D5D68E /* libPods-MeetBar_ProjectUITests.a */,
			);
			name = Frameworks;
			sourceTree = "<group>";
		};
		EB144C133E49D9D4319443AB /* Pods */ = {
			isa = PBXGroup;
			children = (
				365CB82FF5FF1011B756A538 /* Pods-MeetBar_Project.debug.xcconfig */,
				438D0608316B55AA6603CEA6 /* Pods-MeetBar_Project.release.xcconfig */,
				F1B3447C84A6C059E492E4EB /* Pods-MeetBar_ProjectTests.debug.xcconfig */,
				C13ECE7E8705A8BCE34F31EE /* Pods-MeetBar_ProjectTests.release.xcconfig */,
				9D7AB75DB7793CB38E8AB012 /* Pods-MeetBar_ProjectUITests.debug.xcconfig */,
				2C121A540BE2ABA3676E4A18 /* Pods-MeetBar_ProjectUITests.release.xcconfig */,
			);
			name = Pods;
			sourceTree = "<group>";
		};
/* End PBXGroup section */

/* Begin PBXNativeTarget section */
		6FAE4A541EFA230600B4706C /* MeetBar_Project */ = {
			isa = PBXNativeTarget;
			buildConfigurationList = 6FAE4A821EFA230600B4706C /* Build configuration list for PBXNativeTarget "MeetBar_Project" */;
			buildPhases = (
				E2C8CEE8986036DD313058DC /* [CP] Check Pods Manifest.lock */,
				6FAE4A511EFA230600B4706C /* Sources */,
				6FAE4A521EFA230600B4706C /* Frameworks */,
				6FAE4A531EFA230600B4706C /* Resources */,
				1AF068BE278411F810645BC4 /* [CP] Embed Pods Frameworks */,
				36EED73D4728F68E526E8C5D /* [CP] Copy Pods Resources */,
			);
			buildRules = (
			);
			dependencies = (
			);
			name = MeetBar_Project;
			productName = MeetBar_Project;
			productReference = 6FAE4A551EFA230600B4706C /* MeetBar_Project.app */;
			productType = "com.apple.product-type.application";
		};
		6FAE4A6D1EFA230600B4706C /* MeetBar_ProjectTests */ = {
			isa = PBXNativeTarget;
			buildConfigurationList = 6FAE4A851EFA230600B4706C /* Build configuration list for PBXNativeTarget "MeetBar_ProjectTests" */;
			buildPhases = (
				41D1E2619B3463D7193BB75E /* [CP] Check Pods Manifest.lock */,
				6FAE4A6A1EFA230600B4706C /* Sources */,
				6FAE4A6B1EFA230600B4706C /* Frameworks */,
				6FAE4A6C1EFA230600B4706C /* Resources */,
				51F52065FACDBCB7B03085F3 /* [CP] Embed Pods Frameworks */,
				29C4EE371AC176A3F5E6D91A /* [CP] Copy Pods Resources */,
			);
			buildRules = (
			);
			dependencies = (
				6FAE4A701EFA230600B4706C /* PBXTargetDependency */,
			);
			name = MeetBar_ProjectTests;
			productName = MeetBar_ProjectTests;
			productReference = 6FAE4A6E1EFA230600B4706C /* MeetBar_ProjectTests.xctest */;
			productType = "com.apple.product-type.bundle.unit-test";
		};
		6FAE4A781EFA230600B4706C /* MeetBar_ProjectUITests */ = {
			isa = PBXNativeTarget;
			buildConfigurationList = 6FAE4A881EFA230600B4706C /* Build configuration list for PBXNativeTarget "MeetBar_ProjectUITests" */;
			buildPhases = (
				DEA30CB2EFA379EF04D6BD7C /* [CP] Check Pods Manifest.lock */,
				6FAE4A751EFA230600B4706C /* Sources */,
				6FAE4A761EFA230600B4706C /* Frameworks */,
				6FAE4A771EFA230600B4706C /* Resources */,
				F7AD4A23AB2F574D13059DDE /* [CP] Embed Pods Frameworks */,
				F365DC506825FDB8315A2C14 /* [CP] Copy Pods Resources */,
			);
			buildRules = (
			);
			dependencies = (
				6FAE4A7B1EFA230600B4706C /* PBXTargetDependency */,
			);
			name = MeetBar_ProjectUITests;
			productName = MeetBar_ProjectUITests;
			productReference = 6FAE4A791EFA230600B4706C /* MeetBar_ProjectUITests.xctest */;
			productType = "com.apple.product-type.bundle.ui-testing";
		};
/* End PBXNativeTarget section */

/* Begin PBXProject section */
		6FAE4A4D1EFA230600B4706C /* Project object */ = {
			isa = PBXProject;
			attributes = {
				CLASSPREFIX = MB;
				LastUpgradeCheck = 0830;
				ORGANIZATIONNAME = MB;
				TargetAttributes = {
					6FAE4A541EFA230600B4706C = {
						CreatedOnToolsVersion = 8.3.1;
						DevelopmentTeam = CMKJ5NH5EV;
						ProvisioningStyle = Automatic;
					};
					6FAE4A6D1EFA230600B4706C = {
						CreatedOnToolsVersion = 8.3.1;
						DevelopmentTeam = CMKJ5NH5EV;
						ProvisioningStyle = Automatic;
						TestTargetID = 6FAE4A541EFA230600B4706C;
					};
					6FAE4A781EFA230600B4706C = {
						CreatedOnToolsVersion = 8.3.1;
						DevelopmentTeam = CMKJ5NH5EV;
						ProvisioningStyle = Automatic;
						TestTargetID = 6FAE4A541EFA230600B4706C;
					};
				};
			};
			buildConfigurationList = 6FAE4A501EFA230600B4706C /* Build configuration list for PBXProject "MeetBar_Project" */;
			compatibilityVersion = "Xcode 3.2";
			developmentRegion = English;
			hasScannedForEncodings = 0;
			knownRegions = (
				en,
				Base,
			);
			mainGroup = 6FAE4A4C1EFA230600B4706C;
			productRefGroup = 6FAE4A561EFA230600B4706C /* Products */;
			projectDirPath = "";
			projectRoot = "";
			targets = (
				6FAE4A541EFA230600B4706C /* MeetBar_Project */,
				6FAE4A6D1EFA230600B4706C /* MeetBar_ProjectTests */,
				6FAE4A781EFA230600B4706C /* MeetBar_ProjectUITests */,
			);
		};
/* End PBXProject section */

/* Begin PBXResourcesBuildPhase section */
		6FAE4A531EFA230600B4706C /* Resources */ = {
			isa = PBXResourcesBuildPhase;
			buildActionMask = 2147483647;
			files = (
				6FAE4A681EFA230600B4706C /* LaunchScreen.storyboard in Resources */,
				6FAE4A651EFA230600B4706C /* Assets.xcassets in Resources */,
				6FAE4A631EFA230600B4706C /* Main.storyboard in Resources */,
			);
			runOnlyForDeploymentPostprocessing = 0;
		};
		6FAE4A6C1EFA230600B4706C /* Resources */ = {
			isa = PBXResourcesBuildPhase;
			buildActionMask = 2147483647;
			files = (
			);
			runOnlyForDeploymentPostprocessing = 0;
		};
		6FAE4A771EFA230600B4706C /* Resources */ = {
			isa = PBXResourcesBuildPhase;
			buildActionMask = 2147483647;
			files = (
			);
			runOnlyForDeploymentPostprocessing = 0;
		};
/* End PBXResourcesBuildPhase section */

/* Begin PBXShellScriptBuildPhase section */
		1AF068BE278411F810645BC4 /* [CP] Embed Pods Frameworks */ = {
			isa = PBXShellScriptBuildPhase;
			buildActionMask = 2147483647;
			files = (
			);
			inputPaths = (
			);
			name = "[CP] Embed Pods Frameworks";
			outputPaths = (
			);
			runOnlyForDeploymentPostprocessing = 0;
			shellPath = /bin/sh;
			shellScript = "\"${SRCROOT}/Pods/Target Support Files/Pods-MeetBar_Project/Pods-MeetBar_Project-frameworks.sh\"\n";
			showEnvVarsInLog = 0;
		};
		29C4EE371AC176A3F5E6D91A /* [CP] Copy Pods Resources */ = {
			isa = PBXShellScriptBuildPhase;
			buildActionMask = 2147483647;
			files = (
			);
			inputPaths = (
			);
			name = "[CP] Copy Pods Resources";
			outputPaths = (
			);
			runOnlyForDeploymentPostprocessing = 0;
			shellPath = /bin/sh;
			shellScript = "\"${SRCROOT}/Pods/Target Support Files/Pods-MeetBar_ProjectTests/Pods-MeetBar_ProjectTests-resources.sh\"\n";
			showEnvVarsInLog = 0;
		};
		36EED73D4728F68E526E8C5D /* [CP] Copy Pods Resources */ = {
			isa = PBXShellScriptBuildPhase;
			buildActionMask = 2147483647;
			files = (
			);
			inputPaths = (
			);
			name = "[CP] Copy Pods Resources";
			outputPaths = (
			);
			runOnlyForDeploymentPostprocessing = 0;
			shellPath = /bin/sh;
			shellScript = "\"${SRCROOT}/Pods/Target Support Files/Pods-MeetBar_Project/Pods-MeetBar_Project-resources.sh\"\n";
			showEnvVarsInLog = 0;
		};
		41D1E2619B3463D7193BB75E /* [CP] Check Pods Manifest.lock */ = {
			isa = PBXShellScriptBuildPhase;
			buildActionMask = 2147483647;
			files = (
			);
			inputPaths = (
			);
			name = "[CP] Check Pods Manifest.lock";
			outputPaths = (
			);
			runOnlyForDeploymentPostprocessing = 0;
			shellPath = /bin/sh;
			shellScript = "diff \"${PODS_PODFILE_DIR_PATH}/Podfile.lock\" \"${PODS_ROOT}/Manifest.lock\" > /dev/null\nif [ $? != 0 ] ; then\n    # print error to STDERR\n    echo \"error: The sandbox is not in sync with the Podfile.lock. Run 'pod install' or update your CocoaPods installation.\" >&2\n    exit 1\nfi\n";
			showEnvVarsInLog = 0;
		};
		51F52065FACDBCB7B03085F3 /* [CP] Embed Pods Frameworks */ = {
			isa = PBXShellScriptBuildPhase;
			buildActionMask = 2147483647;
			files = (
			);
			inputPaths = (
			);
			name = "[CP] Embed Pods Frameworks";
			outputPaths = (
			);
			runOnlyForDeploymentPostprocessing = 0;
			shellPath = /bin/sh;
			shellScript = "\"${SRCROOT}/Pods/Target Support Files/Pods-MeetBar_ProjectTests/Pods-MeetBar_ProjectTests-frameworks.sh\"\n";
			showEnvVarsInLog = 0;
		};
		DEA30CB2EFA379EF04D6BD7C /* [CP] Check Pods Manifest.lock */ = {
			isa = PBXShellScriptBuildPhase;
			buildActionMask = 2147483647;
			files = (
			);
			inputPaths = (
			);
			name = "[CP] Check Pods Manifest.lock";
			outputPaths = (
			);
			runOnlyForDeploymentPostprocessing = 0;
			shellPath = /bin/sh;
			shellScript = "diff \"${PODS_PODFILE_DIR_PATH}/Podfile.lock\" \"${PODS_ROOT}/Manifest.lock\" > /dev/null\nif [ $? != 0 ] ; then\n    # print error to STDERR\n    echo \"error: The sandbox is not in sync with the Podfile.lock. Run 'pod install' or update your CocoaPods installation.\" >&2\n    exit 1\nfi\n";
			showEnvVarsInLog = 0;
		};
		E2C8CEE8986036DD313058DC /* [CP] Check Pods Manifest.lock */ = {
			isa = PBXShellScriptBuildPhase;
			buildActionMask = 2147483647;
			files = (
			);
			inputPaths = (
			);
			name = "[CP] Check Pods Manifest.lock";
			outputPaths = (
			);
			runOnlyForDeploymentPostprocessing = 0;
			shellPath = /bin/sh;
			shellScript = "diff \"${PODS_PODFILE_DIR_PATH}/Podfile.lock\" \"${PODS_ROOT}/Manifest.lock\" > /dev/null\nif [ $? != 0 ] ; then\n    # print error to STDERR\n    echo \"error: The sandbox is not in sync with the Podfile.lock. Run 'pod install' or update your CocoaPods installation.\" >&2\n    exit 1\nfi\n";
			showEnvVarsInLog = 0;
		};
		F365DC506825FDB8315A2C14 /* [CP] Copy Pods Resources */ = {
			isa = PBXShellScriptBuildPhase;
			buildActionMask = 2147483647;
			files = (
			);
			inputPaths = (
			);
			name = "[CP] Copy Pods Resources";
			outputPaths = (
			);
			runOnlyForDeploymentPostprocessing = 0;
			shellPath = /bin/sh;
			shellScript = "\"${SRCROOT}/Pods/Target Support Files/Pods-MeetBar_ProjectUITests/Pods-MeetBar_ProjectUITests-resources.sh\"\n";
			showEnvVarsInLog = 0;
		};
		F7AD4A23AB2F574D13059DDE /* [CP] Embed Pods Frameworks */ = {
			isa = PBXShellScriptBuildPhase;
			buildActionMask = 2147483647;
			files = (
			);
			inputPaths = (
			);
			name = "[CP] Embed Pods Frameworks";
			outputPaths = (
			);
			runOnlyForDeploymentPostprocessing = 0;
			shellPath = /bin/sh;
			shellScript = "\"${SRCROOT}/Pods/Target Support Files/Pods-MeetBar_ProjectUITests/Pods-MeetBar_ProjectUITests-frameworks.sh\"\n";
			showEnvVarsInLog = 0;
		};
/* End PBXShellScriptBuildPhase section */

/* Begin PBXSourcesBuildPhase section */
		6FAE4A511EFA230600B4706C /* Sources */ = {
			isa = PBXSourcesBuildPhase;
			buildActionMask = 2147483647;
			files = (
				6FF640481EFBA1A700956555 /* ViewController.m in Sources */,
				6FF640471EFBA1A700956555 /* AppDelegate.m in Sources */,
				6FAE4A5A1EFA230600B4706C /* main.m in Sources */,
			);
			runOnlyForDeploymentPostprocessing = 0;
		};
		6FAE4A6A1EFA230600B4706C /* Sources */ = {
			isa = PBXSourcesBuildPhase;
			buildActionMask = 2147483647;
			files = (
				6FAE4A731EFA230600B4706C /* MeetBar_ProjectTests.m in Sources */,
			);
			runOnlyForDeploymentPostprocessing = 0;
		};
		6FAE4A751EFA230600B4706C /* Sources */ = {
			isa = PBXSourcesBuildPhase;
			buildActionMask = 2147483647;
			files = (
				6FAE4A7E1EFA230600B4706C /* MeetBar_ProjectUITests.m in Sources */,
			);
			runOnlyForDeploymentPostprocessing = 0;
		};
/* End PBXSourcesBuildPhase section */

/* Begin PBXTargetDependency section */
		6FAE4A701EFA230600B4706C /* PBXTargetDependency */ = {
			isa = PBXTargetDependency;
			target = 6FAE4A541EFA230600B4706C /* MeetBar_Project */;
			targetProxy = 6FAE4A6F1EFA230600B4706C /* PBXContainerItemProxy */;
		};
		6FAE4A7B1EFA230600B4706C /* PBXTargetDependency */ = {
			isa = PBXTargetDependency;
			target = 6FAE4A541EFA230600B4706C /* MeetBar_Project */;
			targetProxy = 6FAE4A7A1EFA230600B4706C /* PBXContainerItemProxy */;
		};
/* End PBXTargetDependency section */

/* Begin PBXVariantGroup section */
		6FAE4A611EFA230600B4706C /* Main.storyboard */ = {
			isa = PBXVariantGroup;
			children = (
				6FAE4A621EFA230600B4706C /* Base */,
			);
			name = Main.storyboard;
			sourceTree = "<group>";
		};
		6FAE4A661EFA230600B4706C /* LaunchScreen.storyboard */ = {
			isa = PBXVariantGroup;
			children = (
				6FAE4A671EFA230600B4706C /* Base */,
			);
			name = LaunchScreen.storyboard;
			sourceTree = "<group>";
		};
/* End PBXVariantGroup section */

/* Begin XCBuildConfiguration section */
		6FAE4A801EFA230600B4706C /* Debug */ = {
			isa = XCBuildConfiguration;
			buildSettings = {
				ALWAYS_SEARCH_USER_PATHS = NO;
				CLANG_ANALYZER_NONNULL = YES;
				CLANG_ANALYZER_NUMBER_OBJECT_CONVERSION = YES_AGGRESSIVE;
				CLANG_CXX_LANGUAGE_STANDARD = "gnu++0x";
				CLANG_CXX_LIBRARY = "libc++";
				CLANG_ENABLE_MODULES = YES;
				CLANG_ENABLE_OBJC_ARC = YES;
				CLANG_WARN_BOOL_CONVERSION = YES;
				CLANG_WARN_CONSTANT_CONVERSION = YES;
				CLANG_WARN_DIRECT_OBJC_ISA_USAGE = YES_ERROR;
				CLANG_WARN_DOCUMENTATION_COMMENTS = YES;
				CLANG_WARN_EMPTY_BODY = YES;
				CLANG_WARN_ENUM_CONVERSION = YES;
				CLANG_WARN_INFINITE_RECURSION = YES;
				CLANG_WARN_INT_CONVERSION = YES;
				CLANG_WARN_OBJC_ROOT_CLASS = YES_ERROR;
				CLANG_WARN_SUSPICIOUS_MOVE = YES;
				CLANG_WARN_UNREACHABLE_CODE = YES;
				CLANG_WARN__DUPLICATE_METHOD_MATCH = YES;
				"CODE_SIGN_IDENTITY[sdk=iphoneos*]" = "iPhone Developer";
				COPY_PHASE_STRIP = NO;
				DEBUG_INFORMATION_FORMAT = dwarf;
				ENABLE_STRICT_OBJC_MSGSEND = YES;
				ENABLE_TESTABILITY = YES;
				GCC_C_LANGUAGE_STANDARD = gnu99;
				GCC_DYNAMIC_NO_PIC = NO;
				GCC_NO_COMMON_BLOCKS = YES;
				GCC_OPTIMIZATION_LEVEL = 0;
				GCC_PREPROCESSOR_DEFINITIONS = (
					"DEBUG=1",
					"$(inherited)",
				);
				GCC_WARN_64_TO_32_BIT_CONVERSION = YES;
				GCC_WARN_ABOUT_RETURN_TYPE = YES_ERROR;
				GCC_WARN_UNDECLARED_SELECTOR = YES;
				GCC_WARN_UNINITIALIZED_AUTOS = YES_AGGRESSIVE;
				GCC_WARN_UNUSED_FUNCTION = YES;
				GCC_WARN_UNUSED_VARIABLE = YES;
				IPHONEOS_DEPLOYMENT_TARGET = 9.3;
				MTL_ENABLE_DEBUG_INFO = YES;
				ONLY_ACTIVE_ARCH = YES;
				SDKROOT = iphoneos;
			};
			name = Debug;
		};
		6FAE4A811EFA230600B4706C /* Release */ = {
			isa = XCBuildConfiguration;
			buildSettings = {
				ALWAYS_SEARCH_USER_PATHS = NO;
				CLANG_ANALYZER_NONNULL = YES;
				CLANG_ANALYZER_NUMBER_OBJECT_CONVERSION = YES_AGGRESSIVE;
				CLANG_CXX_LANGUAGE_STANDARD = "gnu++0x";
				CLANG_CXX_LIBRARY = "libc++";
				CLANG_ENABLE_MODULES = YES;
				CLANG_ENABLE_OBJC_ARC = YES;
				CLANG_WARN_BOOL_CONVERSION = YES;
				CLANG_WARN_CONSTANT_CONVERSION = YES;
				CLANG_WARN_DIRECT_OBJC_ISA_USAGE = YES_ERROR;
				CLANG_WARN_DOCUMENTATION_COMMENTS = YES;
				CLANG_WARN_EMPTY_BODY = YES;
				CLANG_WARN_ENUM_CONVERSION = YES;
				CLANG_WARN_INFINITE_RECURSION = YES;
				CLANG_WARN_INT_CONVERSION = YES;
				CLANG_WARN_OBJC_ROOT_CLASS = YES_ERROR;
				CLANG_WARN_SUSPICIOUS_MOVE = YES;
				CLANG_WARN_UNREACHABLE_CODE = YES;
				CLANG_WARN__DUPLICATE_METHOD_MATCH = YES;
				"CODE_SIGN_IDENTITY[sdk=iphoneos*]" = "iPhone Developer";
				COPY_PHASE_STRIP = NO;
				DEBUG_INFORMATION_FORMAT = "dwarf-with-dsym";
				ENABLE_NS_ASSERTIONS = NO;
				ENABLE_STRICT_OBJC_MSGSEND = YES;
				GCC_C_LANGUAGE_STANDARD = gnu99;
				GCC_NO_COMMON_BLOCKS = YES;
				GCC_WARN_64_TO_32_BIT_CONVERSION = YES;
				GCC_WARN_ABOUT_RETURN_TYPE = YES_ERROR;
				GCC_WARN_UNDECLARED_SELECTOR = YES;
				GCC_WARN_UNINITIALIZED_AUTOS = YES_AGGRESSIVE;
				GCC_WARN_UNUSED_FUNCTION = YES;
				GCC_WARN_UNUSED_VARIABLE = YES;
				IPHONEOS_DEPLOYMENT_TARGET = 9.3;
				MTL_ENABLE_DEBUG_INFO = NO;
				SDKROOT = iphoneos;
				VALIDATE_PRODUCT = YES;
			};
			name = Release;
		};
		6FAE4A831EFA230600B4706C /* Debug */ = {
			isa = XCBuildConfiguration;
			baseConfigurationReference = 365CB82FF5FF1011B756A538 /* Pods-MeetBar_Project.debug.xcconfig */;
			buildSettings = {
				ASSETCATALOG_COMPILER_APPICON_NAME = AppIcon;
				DEVELOPMENT_TEAM = CMKJ5NH5EV;
				INFOPLIST_FILE = MeetBar_Project/Info.plist;
				IPHONEOS_DEPLOYMENT_TARGET = 9.3;
				LD_RUNPATH_SEARCH_PATHS = "$(inherited) @executable_path/Frameworks";
				PRODUCT_BUNDLE_IDENTIFIER = "com.vrhuibar.MeetBar-Project";
				PRODUCT_NAME = "$(TARGET_NAME)";
			};
			name = Debug;
		};
		6FAE4A841EFA230600B4706C /* Release */ = {
			isa = XCBuildConfiguration;
			baseConfigurationReference = 438D0608316B55AA6603CEA6 /* Pods-MeetBar_Project.release.xcconfig */;
			buildSettings = {
				ASSETCATALOG_COMPILER_APPICON_NAME = AppIcon;
				DEVELOPMENT_TEAM = CMKJ5NH5EV;
				INFOPLIST_FILE = MeetBar_Project/Info.plist;
				IPHONEOS_DEPLOYMENT_TARGET = 9.3;
				LD_RUNPATH_SEARCH_PATHS = "$(inherited) @executable_path/Frameworks";
				PRODUCT_BUNDLE_IDENTIFIER = "com.vrhuibar.MeetBar-Project";
				PRODUCT_NAME = "$(TARGET_NAME)";
			};
			name = Release;
		};
		6FAE4A861EFA230600B4706C /* Debug */ = {
			isa = XCBuildConfiguration;
			baseConfigurationReference = F1B3447C84A6C059E492E4EB /* Pods-MeetBar_ProjectTests.debug.xcconfig */;
			buildSettings = {
				BUNDLE_LOADER = "$(TEST_HOST)";
				DEVELOPMENT_TEAM = CMKJ5NH5EV;
				INFOPLIST_FILE = MeetBar_ProjectTests/Info.plist;
				LD_RUNPATH_SEARCH_PATHS = "$(inherited) @executable_path/Frameworks @loader_path/Frameworks";
				PRODUCT_BUNDLE_IDENTIFIER = "com.vrhuibar.MeetBar-ProjectTests";
				PRODUCT_NAME = "$(TARGET_NAME)";
				TEST_HOST = "$(BUILT_PRODUCTS_DIR)/MeetBar_Project.app/MeetBar_Project";
			};
			name = Debug;
		};
		6FAE4A871EFA230600B4706C /* Release */ = {
			isa = XCBuildConfiguration;
			baseConfigurationReference = C13ECE7E8705A8BCE34F31EE /* Pods-MeetBar_ProjectTests.release.xcconfig */;
			buildSettings = {
				BUNDLE_LOADER = "$(TEST_HOST)";
				DEVELOPMENT_TEAM = CMKJ5NH5EV;
				INFOPLIST_FILE = MeetBar_ProjectTests/Info.plist;
				LD_RUNPATH_SEARCH_PATHS = "$(inherited) @executable_path/Frameworks @loader_path/Frameworks";
				PRODUCT_BUNDLE_IDENTIFIER = "com.vrhuibar.MeetBar-ProjectTests";
				PRODUCT_NAME = "$(TARGET_NAME)";
				TEST_HOST = "$(BUILT_PRODUCTS_DIR)/MeetBar_Project.app/MeetBar_Project";
			};
			name = Release;
		};
		6FAE4A891EFA230600B4706C /* Debug */ = {
			isa = XCBuildConfiguration;
			baseConfigurationReference = 9D7AB75DB7793CB38E8AB012 /* Pods-MeetBar_ProjectUITests.debug.xcconfig */;
			buildSettings = {
				DEVELOPMENT_TEAM = CMKJ5NH5EV;
				INFOPLIST_FILE = MeetBar_ProjectUITests/Info.plist;
				LD_RUNPATH_SEARCH_PATHS = "$(inherited) @executable_path/Frameworks @loader_path/Frameworks";
				PRODUCT_BUNDLE_IDENTIFIER = "com.vrhuibar.MeetBar-ProjectUITests";
				PRODUCT_NAME = "$(TARGET_NAME)";
				TEST_TARGET_NAME = MeetBar_Project;
			};
			name = Debug;
		};
		6FAE4A8A1EFA230600B4706C /* Release */ = {
			isa = XCBuildConfiguration;
			baseConfigurationReference = 2C121A540BE2ABA3676E4A18 /* Pods-MeetBar_ProjectUITests.release.xcconfig */;
			buildSettings = {
				DEVELOPMENT_TEAM = CMKJ5NH5EV;
				INFOPLIST_FILE = MeetBar_ProjectUITests/Info.plist;
				LD_RUNPATH_SEARCH_PATHS = "$(inherited) @executable_path/Frameworks @loader_path/Frameworks";
				PRODUCT_BUNDLE_IDENTIFIER = "com.vrhuibar.MeetBar-ProjectUITests";
				PRODUCT_NAME = "$(TARGET_NAME)";
				TEST_TARGET_NAME = MeetBar_Project;
			};
			name = Release;
		};
/* End XCBuildConfiguration section */

/* Begin XCConfigurationList section */
		6FAE4A501EFA230600B4706C /* Build configuration list for PBXProject "MeetBar_Project" */ = {
			isa = XCConfigurationList;
			buildConfigurations = (
				6FAE4A801EFA230600B4706C /* Debug */,
				6FAE4A811EFA230600B4706C /* Release */,
			);
			defaultConfigurationIsVisible = 0;
			defaultConfigurationName = Release;
		};
		6FAE4A821EFA230600B4706C /* Build configuration list for PBXNativeTarget "MeetBar_Project" */ = {
			isa = XCConfigurationList;
			buildConfigurations = (
				6FAE4A831EFA230600B4706C /* Debug */,
				6FAE4A841EFA230600B4706C /* Release */,
			);
			defaultConfigurationIsVisible = 0;
			defaultConfigurationName = Release;
		};
		6FAE4A851EFA230600B4706C /* Build configuration list for PBXNativeTarget "MeetBar_ProjectTests" */ = {
			isa = XCConfigurationList;
			buildConfigurations = (
				6FAE4A861EFA230600B4706C /* Debug */,
				6FAE4A871EFA230600B4706C /* Release */,
			);
			defaultConfigurationIsVisible = 0;
			defaultConfigurationName = Release;
		};
		6FAE4A881EFA230600B4706C /* Build configuration list for PBXNativeTarget "MeetBar_ProjectUITests" */ = {
			isa = XCConfigurationList;
			buildConfigurations = (
				6FAE4A891EFA230600B4706C /* Debug */,
				6FAE4A8A1EFA230600B4706C /* Release */,
			);
			defaultConfigurationIsVisible = 0;
			defaultConfigurationName = Release;
		};
/* End XCConfigurationList section */
	};
	rootObject = 6FAE4A4D1EFA230600B4706C /* Project object */;
}
